
Microsoft Visual Studio Solution File, Format Version 12.00
# Visual Studio Version 18
VisualStudioVersion = 18.6.11828.311
MinimumVisualStudioVersion = 10.0.40219.1
Project("{2150E333-8FDC-42A3-9474-1A3956D46DE8}") = "Core", "Core", "{0FEB6ADF-29FD-48CE-AE0F-9E19E9209795}"
EndProject
Project("{2150E333-8FDC-42A3-9474-1A3956D46DE8}") = "Src", "Src", "{4B785E7E-2F35-4198-BD73-D2B861E5518A}"
	ProjectSection(SolutionItems) = preProject
		Test.Md = Test.Md
	EndProjectSection
EndProject
Project("{2150E333-8FDC-42A3-9474-1A3956D46DE8}") = "Infrastructure", "Infrastructure", "{1EC1EEFF-3888-4125-9229-623C564F3E7E}"
EndProject
Project("{2150E333-8FDC-42A3-9474-1A3956D46DE8}") = "Presentation", "Presentation", "{833DEA57-A970-418C-831C-2355B8294766}"
EndProject
Project("{2150E333-8FDC-42A3-9474-1A3956D46DE8}") = "Tests", "Tests", "{9FEDAEFB-297C-4201-8FAA-F502F94CAFED}"
EndProject
Project("{9A19103F-16F7-4668-BE54-9A1E7A4F7556}") = "IndTrace.Domain", "Code\Core\Domain\IndTrace.Domain.csproj", "{0A18018C-95CA-43CB-BFBF-5DB086E93009}"
EndProject
Project("{9A19103F-16F7-4668-BE54-9A1E7A4F7556}") = "IndTrace.Application", "Code\Core\Application\IndTrace.Application.csproj", "{5FB1A4D7-D13E-47C3-9152-3890B8CA9C37}"
EndProject
Project("{2150E333-8FDC-42A3-9474-1A3956D46DE8}") = "Core", "Core", "{3438BB8F-41E1-4E58-A57D-0085274A911C}"
EndProject
Project("{2150E333-8FDC-42A3-9474-1A3956D46DE8}") = "Presentation", "Presentation", "{CDC617CE-4A7E-435C-B9C1-235F9C7C3DE1}"
EndProject
Project("{9A19103F-16F7-4668-BE54-9A1E7A4F7556}") = "IndTrace.Gateway", "Code\Infrastructure\IndTrace.Gateway\IndTrace.Gateway.csproj", "{EA28BE30-46FC-4717-9673-CC192CE8C24D}"
EndProject
Project("{9A19103F-16F7-4668-BE54-9A1E7A4F7556}") = "Application.UnitTests", "Tests\Core\Application.UnitTests\Application.UnitTests.csproj", "{FCDBFBC0-DD30-4E11-A925-750F62809958}"
EndProject
Project("{9A19103F-16F7-4668-BE54-9A1E7A4F7556}") = "Domain.UnitTests", "Tests\Core\Domain.UnitTests\Domain.UnitTests.csproj", "{DD5C8345-6785-48E6-9A98-074012A02628}"
EndProject
Project("{9A19103F-16F7-4668-BE54-9A1E7A4F7556}") = "IndTrace.Persistence", "Code\Infrastructure\IndTrace.Persistence\IndTrace.Persistence.csproj", "{D8D7607A-8283-4776-94AB-5614038E58E2}"
EndProject
Project("{2150E333-8FDC-42A3-9474-1A3956D46DE8}") = "PS Scripts", "PS Scripts", "{0842B8AC-FD89-4CD0-B8AB-58D179B48689}"
	ProjectSection(SolutionItems) = preProject
		PS Scripts\Delete Indtrace App and bin.ps1 = PS Scripts\Delete Indtrace App and bin.ps1
	EndProjectSection
EndProject
Project("{2150E333-8FDC-42A3-9474-1A3956D46DE8}") = "Solution Items", "Solution Items", "{045E9F00-83AA-4A04-A5DF-155BE9B489ED}"
	ProjectSection(SolutionItems) = preProject
		Directory.Build.props = Directory.Build.props
		Directory.Build.runsettings = Directory.Build.runsettings
		Directory.Packages.props = Directory.Packages.props
		Minimal.ReSharper.DotSettings = Minimal.ReSharper.DotSettings
	EndProjectSection
EndProject
Project("{9A19103F-16F7-4668-BE54-9A1E7A4F7556}") = "IndTrace.Communications", "Code\Infrastructure\IndTrace.Communications\IndTrace.Communications.csproj", "{D97F5F12-7552-4B22-B6AD-FC373229B64E}"
EndProject
Project("{9A19103F-16F7-4668-BE54-9A1E7A4F7556}") = "IndTrace.Dependencies", "Code\Infrastructure\IndTrace.Dependencies\IndTrace.Dependencies.csproj", "{BA603EB3-D4FF-4002-B122-7165BD90B501}"
EndProject
Project("{2150E333-8FDC-42A3-9474-1A3956D46DE8}") = "Architecture", "Architecture", "{86BE47AD-DCB7-4BE3-8E4A-F0C37782FA88}"
EndProject
Project("{9A19103F-16F7-4668-BE54-9A1E7A4F7556}") = "Architecture.Tests", "Tests\Architecture\Architecture.Tests.csproj", "{A70170E9-C423-4942-951A-32FE855319B8}"
EndProject
Project("{2150E333-8FDC-42A3-9474-1A3956D46DE8}") = "Acceptance", "Acceptance", "{B9DE225A-98DF-4CC9-A69E-7F169F0E07BE}"
	ProjectSection(SolutionItems) = preProject
		Tests\Acceptance\Intrace.BDDTests\NewTest.Scenario.cs = Tests\Acceptance\Intrace.BDDTests\NewTest.Scenario.cs
		Tests\Acceptance\Intrace.BDDTests\NewTest.Steps.cs = Tests\Acceptance\Intrace.BDDTests\NewTest.Steps.cs
	EndProjectSection
EndProject
Project("{9A19103F-16F7-4668-BE54-9A1E7A4F7556}") = "IndTrace.Components", "Code\Presentation\IndTrace.Components\IndTrace.Components.csproj", "{C875072F-03CA-4EC5-B29B-077BA82B8B7C}"
EndProject
Project("{9A19103F-16F7-4668-BE54-9A1E7A4F7556}") = "IndTrace.UI.Models", "Code\Presentation\IndTrace.Models\IndTrace.UI.Models.csproj", "{73908928-A1CB-4BD1-A685-B776AB9C40A8}"
EndProject
Project("{9A19103F-16F7-4668-BE54-9A1E7A4F7556}") = "IndTrace.Hub.Server", "Code\Infrastructure\IndTrace.Hub\IndTrace.Hub.Server.csproj", "{5957A7C4-EE37-4A3D-8DA2-0D49ECD50F48}"
EndProject
Project("{9A19103F-16F7-4668-BE54-9A1E7A4F7556}") = "IndTrace.Hub.Client", "Code\Infrastructure\IndTrace.HubClient\IndTrace.Hub.Client.csproj", "{8DBB7C7B-5113-41CB-8431-21DE187008EA}"
EndProject
Project("{9A19103F-16F7-4668-BE54-9A1E7A4F7556}") = "IndTrace.Monitor", "Code\Presentation\IndTrace.Monitor\IndTrace.Monitor.csproj", "{2E988094-CD23-4D1A-A713-2AE9D5B08560}"
EndProject
Project("{2150E333-8FDC-42A3-9474-1A3956D46DE8}") = "SeedDataFiles", "SeedDataFiles", "{9FE95EAA-8642-45B7-A3BF-84034180254B}"
	ProjectSection(SolutionItems) = preProject
		SeedDataFiles\BarCodes.json = SeedDataFiles\BarCodes.json
		SeedDataFiles\Config.json = SeedDataFiles\Config.json
		SeedDataFiles\ConfigApp.json = SeedDataFiles\ConfigApp.json
		SeedDataFiles\Customers.json = SeedDataFiles\Customers.json
		SeedDataFiles\Cycles.json = SeedDataFiles\Cycles.json
		SeedDataFiles\Lines.json = SeedDataFiles\Lines.json
		SeedDataFiles\MachinePlcs.json = SeedDataFiles\MachinePlcs.json
		SeedDataFiles\Machines.json = SeedDataFiles\Machines.json
		SeedDataFiles\Plc100.json = SeedDataFiles\Plc100.json
		SeedDataFiles\PLCs.json = SeedDataFiles\PLCs.json
		SeedDataFiles\Products.json = SeedDataFiles\Products.json
		SeedDataFiles\Recipes.json = SeedDataFiles\Recipes.json
		SeedDataFiles\RegisterPlc100.json = SeedDataFiles\RegisterPlc100.json
		SeedDataFiles\Registers.json = SeedDataFiles\Registers.json
		SeedDataFiles\Rules.json = SeedDataFiles\Rules.json
		SeedDataFiles\Settings.json = SeedDataFiles\Settings.json
		SeedDataFiles\Tags.json = SeedDataFiles\Tags.json
		SeedDataFiles\Variables.json = SeedDataFiles\Variables.json
		SeedDataFiles\VariablesGroups.json = SeedDataFiles\VariablesGroups.json
		SeedDataFiles\VariablesPlc100.json = SeedDataFiles\VariablesPlc100.json
		SeedDataFiles\WorkFlows.json = SeedDataFiles\WorkFlows.json
	EndProjectSection
EndProject
Project("{FAE04EC0-301F-11D3-BF4B-00C04F79EFBC}") = "HubConnection.Tests", "Tests\Core\HubConnection.Tests\HubConnection.Tests.csproj", "{42E5369E-0826-4A66-BA90-A950DDD0F3D7}"
EndProject
Project("{FAE04EC0-301F-11D3-BF4B-00C04F79EFBC}") = "IndTrace.Monitor.Tests", "Tests\Presentation\IndTrace.Monitor.Tests\IndTrace.Monitor.Tests.csproj", "{11EF8C26-FA99-1C45-F12C-39DD82C4213D}"
EndProject
Project("{FAE04EC0-301F-11D3-BF4B-00C04F79EFBC}") = "Application.AgregationTests", "Tests\Core\Aggregation.BoundedTests\Application.AgregationTests.csproj", "{72FA453A-01CE-F11D-67EB-CD49AC2A53BF}"
EndProject
Project("{2150E333-8FDC-42A3-9474-1A3956D46DE8}") = "Integration", "Integration", "{02EA681E-C7D8-13C7-8484-4AC65E1B71E8}"
EndProject
Project("{FAE04EC0-301F-11D3-BF4B-00C04F79EFBC}") = "IndTrace.Identity", "Code\Infrastructure\IndTrace.Identity\IndTrace.Identity.csproj", "{446D69E6-0A59-01E0-B8AB-D8714F1119F1}"
EndProject
Project("{FAE04EC0-301F-11D3-BF4B-00C04F79EFBC}") = "IndTrace.TestData", "Tests\Core\IndTrace.TestData\IndTrace.TestData.csproj", "{ECE82461-2125-0885-FE92-BB716F7C64FE}"
EndProject
Project("{FAE04EC0-301F-11D3-BF4B-00C04F79EFBC}") = "IndTrace.HubConnection", "Code\Infrastructure\IndTrace.HubConnection\IndTrace.HubConnection.csproj", "{3A4AC9FB-7062-133D-5F88-5137ACBD7395}"
EndProject
Project("{FAE04EC0-301F-11D3-BF4B-00C04F79EFBC}") = "Agregation.Dependices", "Tests\Core\Agregation.Dependices\Agregation.Dependices\Agregation.Dependices.csproj", "{5363A013-9355-4B7F-B418-95BAF7E46F62}"
EndProject
Project("{2150E333-8FDC-42A3-9474-1A3956D46DE8}") = "Infrastructure", "Infrastructure", "{27EB5E81-F2E9-C810-A7F7-B7F4C1201BDA}"
EndProject
Project("{FAE04EC0-301F-11D3-BF4B-00C04F79EFBC}") = "Identity.UnitTests", "Tests\Infrastructure\Identity.UnitTests\Identity.UnitTests.csproj", "{A5CF22A2-BCD8-4C85-A65F-8A396CACDF75}"
EndProject
Project("{2150E333-8FDC-42A3-9474-1A3956D46DE8}") = "Infrastructure", "Infrastructure", "{DFEE68D8-A7D0-1A41-506C-9B74AA9A7B7B}"
EndProject
Project("{FAE04EC0-301F-11D3-BF4B-00C04F79EFBC}") = "IndTrace.Devices", "Code\Infrastructure\IndTrace.Devices\IndTrace.Devices.csproj", "{901963D7-AB55-4480-9D2F-4D14F3BDD8C6}"
EndProject
Project("{FAE04EC0-301F-11D3-BF4B-00C04F79EFBC}") = "IndTrace.Devices.Tests", "Tests\Infrastructure\IndTrace.Devices.Tests\IndTrace.Devices.Tests.csproj", "{108DF7AD-9178-4EEA-915D-BBB6A8F88F9F}"
EndProject
Global
	GlobalSection(SolutionConfigurationPlatforms) = preSolution
		Debug|Any CPU = Debug|Any CPU
		Debug|arm64 = Debug|arm64
		Debug|x64 = Debug|x64
		Debug|x86 = Debug|x86
		Release|Any CPU = Release|Any CPU
		Release|arm64 = Release|arm64
		Release|x64 = Release|x64
		Release|x86 = Release|x86
	EndGlobalSection
	GlobalSection(ProjectConfigurationPlatforms) = postSolution
		{0A18018C-95CA-43CB-BFBF-5DB086E93009}.Debug|Any CPU.ActiveCfg = Debug|Any CPU
		{0A18018C-95CA-43CB-BFBF-5DB086E93009}.Debug|Any CPU.Build.0 = Debug|Any CPU
		{0A18018C-95CA-43CB-BFBF-5DB086E93009}.Debug|arm64.ActiveCfg = Debug|Any CPU
		{0A18018C-95CA-43CB-BFBF-5DB086E93009}.Debug|arm64.Build.0 = Debug|Any CPU
		{0A18018C-95CA-43CB-BFBF-5DB086E93009}.Debug|x64.ActiveCfg = Debug|Any CPU
		{0A18018C-95CA-43CB-BFBF-5DB086E93009}.Debug|x64.Build.0 = Debug|Any CPU
		{0A18018C-95CA-43CB-BFBF-5DB086E93009}.Debug|x86.ActiveCfg = Debug|Any CPU
		{0A18018C-95CA-43CB-BFBF-5DB086E93009}.Debug|x86.Build.0 = Debug|Any CPU
		{0A18018C-95CA-43CB-BFBF-5DB086E93009}.Release|Any CPU.ActiveCfg = Release|Any CPU
		{0A18018C-95CA-43CB-BFBF-5DB086E93009}.Release|Any CPU.Build.0 = Release|Any CPU
		{0A18018C-95CA-43CB-BFBF-5DB086E93009}.Release|arm64.ActiveCfg = Release|Any CPU
		{0A18018C-95CA-43CB-BFBF-5DB086E93009}.Release|arm64.Build.0 = Release|Any CPU
		{0A18018C-95CA-43CB-BFBF-5DB086E93009}.Release|x64.ActiveCfg = Release|Any CPU
		{0A18018C-95CA-43CB-BFBF-5DB086E93009}.Release|x64.Build.0 = Release|Any CPU
		{0A18018C-95CA-43CB-BFBF-5DB086E93009}.Release|x86.ActiveCfg = Release|Any CPU
		{0A18018C-95CA-43CB-BFBF-5DB086E93009}.Release|x86.Build.0 = Release|Any CPU
		{5FB1A4D7-D13E-47C3-9152-3890B8CA9C37}.Debug|Any CPU.ActiveCfg = Debug|Any CPU
		{5FB1A4D7-D13E-47C3-9152-3890B8CA9C37}.Debug|Any CPU.Build.0 = Debug|Any CPU
		{5FB1A4D7-D13E-47C3-9152-3890B8CA9C37}.Debug|arm64.ActiveCfg = Debug|Any CPU
		{5FB1A4D7-D13E-47C3-9152-3890B8CA9C37}.Debug|arm64.Build.0 = Debug|Any CPU
		{5FB1A4D7-D13E-47C3-9152-3890B8CA9C37}.Debug|x64.ActiveCfg = Debug|Any CPU
		{5FB1A4D7-D13E-47C3-9152-3890B8CA9C37}.Debug|x64.Build.0 = Debug|Any CPU
		{5FB1A4D7-D13E-47C3-9152-3890B8CA9C37}.Debug|x86.ActiveCfg = Debug|Any CPU
		{5FB1A4D7-D13E-47C3-9152-3890B8CA9C37}.Debug|x86.Build.0 = Debug|Any CPU
		{5FB1A4D7-D13E-47C3-9152-3890B8CA9C37}.Release|Any CPU.ActiveCfg = Release|Any CPU
		{5FB1A4D7-D13E-47C3-9152-3890B8CA9C37}.Release|Any CPU.Build.0 = Release|Any CPU
		{5FB1A4D7-D13E-47C3-9152-3890B8CA9C37}.Release|arm64.ActiveCfg = Release|Any CPU
		{5FB1A4D7-D13E-47C3-9152-3890B8CA9C37}.Release|arm64.Build.0 = Release|Any CPU
		{5FB1A4D7-D13E-47C3-9152-3890B8CA9C37}.Release|x64.ActiveCfg = Release|Any CPU
		{5FB1A4D7-D13E-47C3-9152-3890B8CA9C37}.Release|x64.Build.0 = Release|Any CPU
		{5FB1A4D7-D13E-47C3-9152-3890B8CA9C37}.Release|x86.ActiveCfg = Release|Any CPU
		{5FB1A4D7-D13E-47C3-9152-3890B8CA9C37}.Release|x86.Build.0 = Release|Any CPU
		{EA28BE30-46FC-4717-9673-CC192CE8C24D}.Debug|Any CPU.ActiveCfg = Debug|Any CPU
		{EA28BE30-46FC-4717-9673-CC192CE8C24D}.Debug|Any CPU.Build.0 = Debug|Any CPU
		{EA28BE30-46FC-4717-9673-CC192CE8C24D}.Debug|arm64.ActiveCfg = Debug|Any CPU
		{EA28BE30-46FC-4717-9673-CC192CE8C24D}.Debug|arm64.Build.0 = Debug|Any CPU
		{EA28BE30-46FC-4717-9673-CC192CE8C24D}.Debug|x64.ActiveCfg = Debug|Any CPU
		{EA28BE30-46FC-4717-9673-CC192CE8C24D}.Debug|x64.Build.0 = Debug|Any CPU
		{EA28BE30-46FC-4717-9673-CC192CE8C24D}.Debug|x86.ActiveCfg = Debug|Any CPU
		{EA28BE30-46FC-4717-9673-CC192CE8C24D}.Debug|x86.Build.0 = Debug|Any CPU
		{EA28BE30-46FC-4717-9673-CC192CE8C24D}.Release|Any CPU.ActiveCfg = Release|Any CPU
		{EA28BE30-46FC-4717-9673-CC192CE8C24D}.Release|Any CPU.Build.0 = Release|Any CPU
		{EA28BE30-46FC-4717-9673-CC192CE8C24D}.Release|arm64.ActiveCfg = Release|Any CPU
		{EA28BE30-46FC-4717-9673-CC192CE8C24D}.Release|arm64.Build.0 = Release|Any CPU
		{EA28BE30-46FC-4717-9673-CC192CE8C24D}.Release|x64.ActiveCfg = Release|Any CPU
		{EA28BE30-46FC-4717-9673-CC192CE8C24D}.Release|x64.Build.0 = Release|Any CPU
		{EA28BE30-46FC-4717-9673-CC192CE8C24D}.Release|x86.ActiveCfg = Release|Any CPU
		{EA28BE30-46FC-4717-9673-CC192CE8C24D}.Release|x86.Build.0 = Release|Any CPU
		{FCDBFBC0-DD30-4E11-A925-750F62809958}.Debug|Any CPU.ActiveCfg = Debug|Any CPU
		{FCDBFBC0-DD30-4E11-A925-750F62809958}.Debug|Any CPU.Build.0 = Debug|Any CPU
		{FCDBFBC0-DD30-4E11-A925-750F62809958}.Debug|arm64.ActiveCfg = Debug|Any CPU
		{FCDBFBC0-DD30-4E11-A925-750F62809958}.Debug|arm64.Build.0 = Debug|Any CPU
		{FCDBFBC0-DD30-4E11-A925-750F62809958}.Debug|x64.ActiveCfg = Debug|Any CPU
		{FCDBFBC0-DD30-4E11-A925-750F62809958}.Debug|x64.Build.0 = Debug|Any CPU
		{FCDBFBC0-DD30-4E11-A925-750F62809958}.Debug|x86.ActiveCfg = Debug|Any CPU
		{FCDBFBC0-DD30-4E11-A925-750F62809958}.Debug|x86.Build.0 = Debug|Any CPU
		{FCDBFBC0-DD30-4E11-A925-750F62809958}.Release|Any CPU.ActiveCfg = Release|Any CPU
		{FCDBFBC0-DD30-4E11-A925-750F62809958}.Release|Any CPU.Build.0 = Release|Any CPU
		{FCDBFBC0-DD30-4E11-A925-750F62809958}.Release|arm64.ActiveCfg = Release|Any CPU
		{FCDBFBC0-DD30-4E11-A925-750F62809958}.Release|arm64.Build.0 = Release|Any CPU
		{FCDBFBC0-DD30-4E11-A925-750F62809958}.Release|x64.ActiveCfg = Release|Any CPU
		{FCDBFBC0-DD30-4E11-A925-750F62809958}.Release|x64.Build.0 = Release|Any CPU
		{FCDBFBC0-DD30-4E11-A925-750F62809958}.Release|x86.ActiveCfg = Release|Any CPU
		{FCDBFBC0-DD30-4E11-A925-750F62809958}.Release|x86.Build.0 = Release|Any CPU
		{DD5C8345-6785-48E6-9A98-074012A02628}.Debug|Any CPU.ActiveCfg = Debug|Any CPU
		{DD5C8345-6785-48E6-9A98-074012A02628}.Debug|Any CPU.Build.0 = Debug|Any CPU
		{DD5C8345-6785-48E6-9A98-074012A02628}.Debug|arm64.ActiveCfg = Debug|Any CPU
		{DD5C8345-6785-48E6-9A98-074012A02628}.Debug|arm64.Build.0 = Debug|Any CPU
		{DD5C8345-6785-48E6-9A98-074012A02628}.Debug|x64.ActiveCfg = Debug|Any CPU
		{DD5C8345-6785-48E6-9A98-074012A02628}.Debug|x64.Build.0 = Debug|Any CPU
		{DD5C8345-6785-48E6-9A98-074012A02628}.Debug|x86.ActiveCfg = Debug|Any CPU
		{DD5C8345-6785-48E6-9A98-074012A02628}.Debug|x86.Build.0 = Debug|Any CPU
		{DD5C8345-6785-48E6-9A98-074012A02628}.Release|Any CPU.ActiveCfg = Release|Any CPU
		{DD5C8345-6785-48E6-9A98-074012A02628}.Release|Any CPU.Build.0 = Release|Any CPU
		{DD5C8345-6785-48E6-9A98-074012A02628}.Release|arm64.ActiveCfg = Release|Any CPU
		{DD5C8345-6785-48E6-9A98-074012A02628}.Release|arm64.Build.0 = Release|Any CPU
		{DD5C8345-6785-48E6-9A98-074012A02628}.Release|x64.ActiveCfg = Release|Any CPU
		{DD5C8345-6785-48E6-9A98-074012A02628}.Release|x64.Build.0 = Release|Any CPU
		{DD5C8345-6785-48E6-9A98-074012A02628}.Release|x86.ActiveCfg = Release|Any CPU
		{DD5C8345-6785-48E6-9A98-074012A02628}.Release|x86.Build.0 = Release|Any CPU
		{D8D7607A-8283-4776-94AB-5614038E58E2}.Debug|Any CPU.ActiveCfg = Debug|Any CPU
		{D8D7607A-8283-4776-94AB-5614038E58E2}.Debug|Any CPU.Build.0 = Debug|Any CPU
		{D8D7607A-8283-4776-94AB-5614038E58E2}.Debug|arm64.ActiveCfg = Debug|Any CPU
		{D8D7607A-8283-4776-94AB-5614038E58E2}.Debug|arm64.Build.0 = Debug|Any CPU
		{D8D7607A-8283-4776-94AB-5614038E58E2}.Debug|x64.ActiveCfg = Debug|Any CPU
		{D8D7607A-8283-4776-94AB-5614038E58E2}.Debug|x64.Build.0 = Debug|Any CPU
		{D8D7607A-8283-4776-94AB-5614038E58E2}.Debug|x86.ActiveCfg = Debug|Any CPU
		{D8D7607A-8283-4776-94AB-5614038E58E2}.Debug|x86.Build.0 = Debug|Any CPU
		{D8D7607A-8283-4776-94AB-5614038E58E2}.Release|Any CPU.ActiveCfg = Release|Any CPU
		{D8D7607A-8283-4776-94AB-5614038E58E2}.Release|Any CPU.Build.0 = Release|Any CPU
		{D8D7607A-8283-4776-94AB-5614038E58E2}.Release|arm64.ActiveCfg = Release|Any CPU
		{D8D7607A-8283-4776-94AB-5614038E58E2}.Release|arm64.Build.0 = Release|Any CPU
		{D8D7607A-8283-4776-94AB-5614038E58E2}.Release|x64.ActiveCfg = Release|Any CPU
		{D8D7607A-8283-4776-94AB-5614038E58E2}.Release|x64.Build.0 = Release|Any CPU
		{D8D7607A-8283-4776-94AB-5614038E58E2}.Release|x86.ActiveCfg = Release|Any CPU
		{D8D7607A-8283-4776-94AB-5614038E58E2}.Release|x86.Build.0 = Release|Any CPU
		{D97F5F12-7552-4B22-B6AD-FC373229B64E}.Debug|Any CPU.ActiveCfg = Debug|Any CPU
		{D97F5F12-7552-4B22-B6AD-FC373229B64E}.Debug|Any CPU.Build.0 = Debug|Any CPU
		{D97F5F12-7552-4B22-B6AD-FC373229B64E}.Debug|arm64.ActiveCfg = Debug|Any CPU
		{D97F5F12-7552-4B22-B6AD-FC373229B64E}.Debug|arm64.Build.0 = Debug|Any CPU
		{D97F5F12-7552-4B22-B6AD-FC373229B64E}.Debug|x64.ActiveCfg = Debug|Any CPU
		{D97F5F12-7552-4B22-B6AD-FC373229B64E}.Debug|x64.Build.0 = Debug|Any CPU
		{D97F5F12-7552-4B22-B6AD-FC373229B64E}.Debug|x86.ActiveCfg = Debug|Any CPU
		{D97F5F12-7552-4B22-B6AD-FC373229B64E}.Debug|x86.Build.0 = Debug|Any CPU
		{D97F5F12-7552-4B22-B6AD-FC373229B64E}.Release|Any CPU.ActiveCfg = Release|Any CPU
		{D97F5F12-7552-4B22-B6AD-FC373229B64E}.Release|Any CPU.Build.0 = Release|Any CPU
		{D97F5F12-7552-4B22-B6AD-FC373229B64E}.Release|arm64.ActiveCfg = Release|Any CPU
		{D97F5F12-7552-4B22-B6AD-FC373229B64E}.Release|arm64.Build.0 = Release|Any CPU
		{D97F5F12-7552-4B22-B6AD-FC373229B64E}.Release|x64.ActiveCfg = Release|Any CPU
		{D97F5F12-7552-4B22-B6AD-FC373229B64E}.Release|x64.Build.0 = Release|Any CPU
		{D97F5F12-7552-4B22-B6AD-FC373229B64E}.Release|x86.ActiveCfg = Release|Any CPU
		{D97F5F12-7552-4B22-B6AD-FC373229B64E}.Release|x86.Build.0 = Release|Any CPU
		{BA603EB3-D4FF-4002-B122-7165BD90B501}.Debug|Any CPU.ActiveCfg = Debug|Any CPU
		{BA603EB3-D4FF-4002-B122-7165BD90B501}.Debug|Any CPU.Build.0 = Debug|Any CPU
		{BA603EB3-D4FF-4002-B122-7165BD90B501}.Debug|arm64.ActiveCfg = Debug|Any CPU
		{BA603EB3-D4FF-4002-B122-7165BD90B501}.Debug|arm64.Build.0 = Debug|Any CPU
		{BA603EB3-D4FF-4002-B122-7165BD90B501}.Debug|x64.ActiveCfg = Debug|Any CPU
		{BA603EB3-D4FF-4002-B122-7165BD90B501}.Debug|x64.Build.0 = Debug|Any CPU
		{BA603EB3-D4FF-4002-B122-7165BD90B501}.Debug|x86.ActiveCfg = Debug|Any CPU
		{BA603EB3-D4FF-4002-B122-7165BD90B501}.Debug|x86.Build.0 = Debug|Any CPU
		{BA603EB3-D4FF-4002-B122-7165BD90B501}.Release|Any CPU.ActiveCfg = Release|Any CPU
		{BA603EB3-D4FF-4002-B122-7165BD90B501}.Release|Any CPU.Build.0 = Release|Any CPU
		{BA603EB3-D4FF-4002-B122-7165BD90B501}.Release|arm64.ActiveCfg = Release|Any CPU
		{BA603EB3-D4FF-4002-B122-7165BD90B501}.Release|arm64.Build.0 = Release|Any CPU
		{BA603EB3-D4FF-4002-B122-7165BD90B501}.Release|x64.ActiveCfg = Release|Any CPU
		{BA603EB3-D4FF-4002-B122-7165BD90B501}.Release|x64.Build.0 = Release|Any CPU
		{BA603EB3-D4FF-4002-B122-7165BD90B501}.Release|x86.ActiveCfg = Release|Any CPU
		{BA603EB3-D4FF-4002-B122-7165BD90B501}.Release|x86.Build.0 = Release|Any CPU
		{A70170E9-C423-4942-951A-32FE855319B8}.Debug|Any CPU.ActiveCfg = Debug|Any CPU
		{A70170E9-C423-4942-951A-32FE855319B8}.Debug|Any CPU.Build.0 = Debug|Any CPU
		{A70170E9-C423-4942-951A-32FE855319B8}.Debug|arm64.ActiveCfg = Debug|Any CPU
		{A70170E9-C423-4942-951A-32FE855319B8}.Debug|arm64.Build.0 = Debug|Any CPU
		{A70170E9-C423-4942-951A-32FE855319B8}.Debug|x64.ActiveCfg = Debug|Any CPU
		{A70170E9-C423-4942-951A-32FE855319B8}.Debug|x64.Build.0 = Debug|Any CPU
		{A70170E9-C423-4942-951A-32FE855319B8}.Debug|x86.ActiveCfg = Debug|Any CPU
		{A70170E9-C423-4942-951A-32FE855319B8}.Debug|x86.Build.0 = Debug|Any CPU
		{A70170E9-C423-4942-951A-32FE855319B8}.Release|Any CPU.ActiveCfg = Release|Any CPU
		{A70170E9-C423-4942-951A-32FE855319B8}.Release|Any CPU.Build.0 = Release|Any CPU
		{A70170E9-C423-4942-951A-32FE855319B8}.Release|arm64.ActiveCfg = Release|Any CPU
		{A70170E9-C423-4942-951A-32FE855319B8}.Release|arm64.Build.0 = Release|Any CPU
		{A70170E9-C423-4942-951A-32FE855319B8}.Release|x64.ActiveCfg = Release|Any CPU
		{A70170E9-C423-4942-951A-32FE855319B8}.Release|x64.Build.0 = Release|Any CPU
		{A70170E9-C423-4942-951A-32FE855319B8}.Release|x86.ActiveCfg = Release|Any CPU
		{A70170E9-C423-4942-951A-32FE855319B8}.Release|x86.Build.0 = Release|Any CPU
		{C875072F-03CA-4EC5-B29B-077BA82B8B7C}.Debug|Any CPU.ActiveCfg = Debug|Any CPU
		{C875072F-03CA-4EC5-B29B-077BA82B8B7C}.Debug|Any CPU.Build.0 = Debug|Any CPU
		{C875072F-03CA-4EC5-B29B-077BA82B8B7C}.Debug|arm64.ActiveCfg = Debug|Any CPU
		{C875072F-03CA-4EC5-B29B-077BA82B8B7C}.Debug|arm64.Build.0 = Debug|Any CPU
		{C875072F-03CA-4EC5-B29B-077BA82B8B7C}.Debug|x64.ActiveCfg = Debug|Any CPU
		{C875072F-03CA-4EC5-B29B-077BA82B8B7C}.Debug|x64.Build.0 = Debug|Any CPU
		{C875072F-03CA-4EC5-B29B-077BA82B8B7C}.Debug|x86.ActiveCfg = Debug|Any CPU
		{C875072F-03CA-4EC5-B29B-077BA82B8B7C}.Debug|x86.Build.0 = Debug|Any CPU
		{C875072F-03CA-4EC5-B29B-077BA82B8B7C}.Release|Any CPU.ActiveCfg = Release|Any CPU
		{C875072F-03CA-4EC5-B29B-077BA82B8B7C}.Release|Any CPU.Build.0 = Release|Any CPU
		{C875072F-03CA-4EC5-B29B-077BA82B8B7C}.Release|arm64.ActiveCfg = Release|Any CPU
		{C875072F-03CA-4EC5-B29B-077BA82B8B7C}.Release|arm64.Build.0 = Release|Any CPU
		{C875072F-03CA-4EC5-B29B-077BA82B8B7C}.Release|x64.ActiveCfg = Release|Any CPU
		{C875072F-03CA-4EC5-B29B-077BA82B8B7C}.Release|x64.Build.0 = Release|Any CPU
		{C875072F-03CA-4EC5-B29B-077BA82B8B7C}.Release|x86.ActiveCfg = Release|Any CPU
		{C875072F-03CA-4EC5-B29B-077BA82B8B7C}.Release|x86.Build.0 = Release|Any CPU
		{73908928-A1CB-4BD1-A685-B776AB9C40A8}.Debug|Any CPU.ActiveCfg = Debug|Any CPU
		{73908928-A1CB-4BD1-A685-B776AB9C40A8}.Debug|Any CPU.Build.0 = Debug|Any CPU
		{73908928-A1CB-4BD1-A685-B776AB9C40A8}.Debug|arm64.ActiveCfg = Debug|Any CPU
		{73908928-A1CB-4BD1-A685-B776AB9C40A8}.Debug|arm64.Build.0 = Debug|Any CPU
		{73908928-A1CB-4BD1-A685-B776AB9C40A8}.Debug|x64.ActiveCfg = Debug|Any CPU
		{73908928-A1CB-4BD1-A685-B776AB9C40A8}.Debug|x64.Build.0 = Debug|Any CPU
		{73908928-A1CB-4BD1-A685-B776AB9C40A8}.Debug|x86.ActiveCfg = Debug|Any CPU
		{73908928-A1CB-4BD1-A685-B776AB9C40A8}.Debug|x86.Build.0 = Debug|Any CPU
		{73908928-A1CB-4BD1-A685-B776AB9C40A8}.Release|Any CPU.ActiveCfg = Release|Any CPU
		{73908928-A1CB-4BD1-A685-B776AB9C40A8}.Release|Any CPU.Build.0 = Release|Any CPU
		{73908928-A1CB-4BD1-A685-B776AB9C40A8}.Release|arm64.ActiveCfg = Release|Any CPU
		{73908928-A1CB-4BD1-A685-B776AB9C40A8}.Release|arm64.Build.0 = Release|Any CPU
		{73908928-A1CB-4BD1-A685-B776AB9C40A8}.Release|x64.ActiveCfg = Release|Any CPU
		{73908928-A1CB-4BD1-A685-B776AB9C40A8}.Release|x64.Build.0 = Release|Any CPU
		{73908928-A1CB-4BD1-A685-B776AB9C40A8}.Release|x86.ActiveCfg = Release|Any CPU
		{73908928-A1CB-4BD1-A685-B776AB9C40A8}.Release|x86.Build.0 = Release|Any CPU
		{5957A7C4-EE37-4A3D-8DA2-0D49ECD50F48}.Debug|Any CPU.ActiveCfg = Debug|Any CPU
		{5957A7C4-EE37-4A3D-8DA2-0D49ECD50F48}.Debug|Any CPU.Build.0 = Debug|Any CPU
		{5957A7C4-EE37-4A3D-8DA2-0D49ECD50F48}.Debug|arm64.ActiveCfg = Debug|Any CPU
		{5957A7C4-EE37-4A3D-8DA2-0D49ECD50F48}.Debug|arm64.Build.0 = Debug|Any CPU
		{5957A7C4-EE37-4A3D-8DA2-0D49ECD50F48}.Debug|x64.ActiveCfg = Debug|Any CPU
		{5957A7C4-EE37-4A3D-8DA2-0D49ECD50F48}.Debug|x64.Build.0 = Debug|Any CPU
		{5957A7C4-EE37-4A3D-8DA2-0D49ECD50F48}.Debug|x86.ActiveCfg = Debug|Any CPU
		{5957A7C4-EE37-4A3D-8DA2-0D49ECD50F48}.Debug|x86.Build.0 = Debug|Any CPU
		{5957A7C4-EE37-4A3D-8DA2-0D49ECD50F48}.Release|Any CPU.ActiveCfg = Release|Any CPU
		{5957A7C4-EE37-4A3D-8DA2-0D49ECD50F48}.Release|Any CPU.Build.0 = Release|Any CPU
		{5957A7C4-EE37-4A3D-8DA2-0D49ECD50F48}.Release|arm64.ActiveCfg = Release|Any CPU
		{5957A7C4-EE37-4A3D-8DA2-0D49ECD50F48}.Release|arm64.Build.0 = Release|Any CPU
		{5957A7C4-EE37-4A3D-8DA2-0D49ECD50F48}.Release|x64.ActiveCfg = Release|Any CPU
		{5957A7C4-EE37-4A3D-8DA2-0D49ECD50F48}.Release|x64.Build.0 = Release|Any CPU
		{5957A7C4-EE37-4A3D-8DA2-0D49ECD50F48}.Release|x86.ActiveCfg = Release|Any CPU
		{5957A7C4-EE37-4A3D-8DA2-0D49ECD50F48}.Release|x86.Build.0 = Release|Any CPU
		{8DBB7C7B-5113-41CB-8431-21DE187008EA}.Debug|Any CPU.ActiveCfg = Debug|Any CPU
		{8DBB7C7B-5113-41CB-8431-21DE187008EA}.Debug|Any CPU.Build.0 = Debug|Any CPU
		{8DBB7C7B-5113-41CB-8431-21DE187008EA}.Debug|arm64.ActiveCfg = Debug|Any CPU
		{8DBB7C7B-5113-41CB-8431-21DE187008EA}.Debug|arm64.Build.0 = Debug|Any CPU
		{8DBB7C7B-5113-41CB-8431-21DE187008EA}.Debug|x64.ActiveCfg = Debug|Any CPU
		{8DBB7C7B-5113-41CB-8431-21DE187008EA}.Debug|x64.Build.0 = Debug|Any CPU
		{8DBB7C7B-5113-41CB-8431-21DE187008EA}.Debug|x86.ActiveCfg = Debug|Any CPU
		{8DBB7C7B-5113-41CB-8431-21DE187008EA}.Debug|x86.Build.0 = Debug|Any CPU
		{8DBB7C7B-5113-41CB-8431-21DE187008EA}.Release|Any CPU.ActiveCfg = Release|Any CPU
		{8DBB7C7B-5113-41CB-8431-21DE187008EA}.Release|Any CPU.Build.0 = Release|Any CPU
		{8DBB7C7B-5113-41CB-8431-21DE187008EA}.Release|arm64.ActiveCfg = Release|Any CPU
		{8DBB7C7B-5113-41CB-8431-21DE187008EA}.Release|arm64.Build.0 = Release|Any CPU
		{8DBB7C7B-5113-41CB-8431-21DE187008EA}.Release|x64.ActiveCfg = Release|Any CPU
		{8DBB7C7B-5113-41CB-8431-21DE187008EA}.Release|x64.Build.0 = Release|Any CPU
		{8DBB7C7B-5113-41CB-8431-21DE187008EA}.Release|x86.ActiveCfg = Release|Any CPU
		{8DBB7C7B-5113-41CB-8431-21DE187008EA}.Release|x86.Build.0 = Release|Any CPU
		{2E988094-CD23-4D1A-A713-2AE9D5B08560}.Debug|Any CPU.ActiveCfg = Debug|Any CPU
		{2E988094-CD23-4D1A-A713-2AE9D5B08560}.Debug|Any CPU.Build.0 = Debug|Any CPU
		{2E988094-CD23-4D1A-A713-2AE9D5B08560}.Debug|arm64.ActiveCfg = Debug|Any CPU
		{2E988094-CD23-4D1A-A713-2AE9D5B08560}.Debug|arm64.Build.0 = Debug|Any CPU
		{2E988094-CD23-4D1A-A713-2AE9D5B08560}.Debug|x64.ActiveCfg = Debug|Any CPU
		{2E988094-CD23-4D1A-A713-2AE9D5B08560}.Debug|x64.Build.0 = Debug|Any CPU
		{2E988094-CD23-4D1A-A713-2AE9D5B08560}.Debug|x86.ActiveCfg = Debug|Any CPU
		{2E988094-CD23-4D1A-A713-2AE9D5B08560}.Debug|x86.Build.0 = Debug|Any CPU
		{2E988094-CD23-4D1A-A713-2AE9D5B08560}.Release|Any CPU.ActiveCfg = Release|Any CPU
		{2E988094-CD23-4D1A-A713-2AE9D5B08560}.Release|Any CPU.Build.0 = Release|Any CPU
		{2E988094-CD23-4D1A-A713-2AE9D5B08560}.Release|arm64.ActiveCfg = Release|Any CPU
		{2E988094-CD23-4D1A-A713-2AE9D5B08560}.Release|arm64.Build.0 = Release|Any CPU
		{2E988094-CD23-4D1A-A713-2AE9D5B08560}.Release|x64.ActiveCfg = Release|Any CPU
		{2E988094-CD23-4D1A-A713-2AE9D5B08560}.Release|x64.Build.0 = Release|Any CPU
		{2E988094-CD23-4D1A-A713-2AE9D5B08560}.Release|x86.ActiveCfg = Release|Any CPU
		{2E988094-CD23-4D1A-A713-2AE9D5B08560}.Release|x86.Build.0 = Release|Any CPU
		{42E5369E-0826-4A66-BA90-A950DDD0F3D7}.Debug|Any CPU.ActiveCfg = Debug|Any CPU
		{42E5369E-0826-4A66-BA90-A950DDD0F3D7}.Debug|Any CPU.Build.0 = Debug|Any CPU
		{42E5369E-0826-4A66-BA90-A950DDD0F3D7}.Debug|arm64.ActiveCfg = Debug|Any CPU
		{42E5369E-0826-4A66-BA90-A950DDD0F3D7}.Debug|arm64.Build.0 = Debug|Any CPU
		{42E5369E-0826-4A66-BA90-A950DDD0F3D7}.Debug|x64.ActiveCfg = Debug|Any CPU
		{42E5369E-0826-4A66-BA90-A950DDD0F3D7}.Debug|x64.Build.0 = Debug|Any CPU
		{42E5369E-0826-4A66-BA90-A950DDD0F3D7}.Debug|x86.ActiveCfg = Debug|Any CPU
		{42E5369E-0826-4A66-BA90-A950DDD0F3D7}.Debug|x86.Build.0 = Debug|Any CPU
		{42E5369E-0826-4A66-BA90-A950DDD0F3D7}.Release|Any CPU.ActiveCfg = Release|Any CPU
		{42E5369E-0826-4A66-BA90-A950DDD0F3D7}.Release|Any CPU.Build.0 = Release|Any CPU
		{42E5369E-0826-4A66-BA90-A950DDD0F3D7}.Release|arm64.ActiveCfg = Release|Any CPU
		{42E5369E-0826-4A66-BA90-A950DDD0F3D7}.Release|arm64.Build.0 = Release|Any CPU
		{42E5369E-0826-4A66-BA90-A950DDD0F3D7}.Release|x64.ActiveCfg = Release|Any CPU
		{42E5369E-0826-4A66-BA90-A950DDD0F3D7}.Release|x64.Build.0 = Release|Any CPU
		{42E5369E-0826-4A66-BA90-A950DDD0F3D7}.Release|x86.ActiveCfg = Release|Any CPU
		{42E5369E-0826-4A66-BA90-A950DDD0F3D7}.Release|x86.Build.0 = Release|Any CPU
		{11EF8C26-FA99-1C45-F12C-39DD82C4213D}.Debug|Any CPU.ActiveCfg = Debug|Any CPU
		{11EF8C26-FA99-1C45-F12C-39DD82C4213D}.Debug|Any CPU.Build.0 = Debug|Any CPU
		{11EF8C26-FA99-1C45-F12C-39DD82C4213D}.Debug|arm64.ActiveCfg = Debug|Any CPU
		{11EF8C26-FA99-1C45-F12C-39DD82C4213D}.Debug|arm64.Build.0 = Debug|Any CPU
		{11EF8C26-FA99-1C45-F12C-39DD82C4213D}.Debug|x64.ActiveCfg = Debug|Any CPU
		{11EF8C26-FA99-1C45-F12C-39DD82C4213D}.Debug|x64.Build.0 = Debug|Any CPU
		{11EF8C26-FA99-1C45-F12C-39DD82C4213D}.Debug|x86.ActiveCfg = Debug|Any CPU
		{11EF8C26-FA99-1C45-F12C-39DD82C4213D}.Debug|x86.Build.0 = Debug|Any CPU
		{11EF8C26-FA99-1C45-F12C-39DD82C4213D}.Release|Any CPU.ActiveCfg = Release|Any CPU
		{11EF8C26-FA99-1C45-F12C-39DD82C4213D}.Release|Any CPU.Build.0 = Release|Any CPU
		{11EF8C26-FA99-1C45-F12C-39DD82C4213D}.Release|arm64.ActiveCfg = Release|Any CPU
		{11EF8C26-FA99-1C45-F12C-39DD82C4213D}.Release|arm64.Build.0 = Release|Any CPU
		{11EF8C26-FA99-1C45-F12C-39DD82C4213D}.Release|x64.ActiveCfg = Release|Any CPU
		{11EF8C26-FA99-1C45-F12C-39DD82C4213D}.Release|x64.Build.0 = Release|Any CPU
		{11EF8C26-FA99-1C45-F12C-39DD82C4213D}.Release|x86.ActiveCfg = Release|Any CPU
		{11EF8C26-FA99-1C45-F12C-39DD82C4213D}.Release|x86.Build.0 = Release|Any CPU
		{72FA453A-01CE-F11D-67EB-CD49AC2A53BF}.Debug|Any CPU.ActiveCfg = Debug|Any CPU
		{72FA453A-01CE-F11D-67EB-CD49AC2A53BF}.Debug|Any CPU.Build.0 = Debug|Any CPU
		{72FA453A-01CE-F11D-67EB-CD49AC2A53BF}.Debug|arm64.ActiveCfg = Debug|Any CPU
		{72FA453A-01CE-F11D-67EB-CD49AC2A53BF}.Debug|arm64.Build.0 = Debug|Any CPU
		{72FA453A-01CE-F11D-67EB-CD49AC2A53BF}.Debug|x64.ActiveCfg = Debug|Any CPU
		{72FA453A-01CE-F11D-67EB-CD49AC2A53BF}.Debug|x64.Build.0 = Debug|Any CPU
		{72FA453A-01CE-F11D-67EB-CD49AC2A53BF}.Debug|x86.ActiveCfg = Debug|Any CPU
		{72FA453A-01CE-F11D-67EB-CD49AC2A53BF}.Debug|x86.Build.0 = Debug|Any CPU
		{72FA453A-01CE-F11D-67EB-CD49AC2A53BF}.Release|Any CPU.ActiveCfg = Release|Any CPU
		{72FA453A-01CE-F11D-67EB-CD49AC2A53BF}.Release|Any CPU.Build.0 = Release|Any CPU
		{72FA453A-01CE-F11D-67EB-CD49AC2A53BF}.Release|arm64.ActiveCfg = Release|Any CPU
		{72FA453A-01CE-F11D-67EB-CD49AC2A53BF}.Release|arm64.Build.0 = Release|Any CPU
		{72FA453A-01CE-F11D-67EB-CD49AC2A53BF}.Release|x64.ActiveCfg = Release|Any CPU
		{72FA453A-01CE-F11D-67EB-CD49AC2A53BF}.Release|x64.Build.0 = Release|Any CPU
		{72FA453A-01CE-F11D-67EB-CD49AC2A53BF}.Release|x86.ActiveCfg = Release|Any CPU
		{72FA453A-01CE-F11D-67EB-CD49AC2A53BF}.Release|x86.Build.0 = Release|Any CPU
		{446D69E6-0A59-01E0-B8AB-D8714F1119F1}.Debug|Any CPU.ActiveCfg = Debug|Any CPU
		{446D69E6-0A59-01E0-B8AB-D8714F1119F1}.Debug|Any CPU.Build.0 = Debug|Any CPU
		{446D69E6-0A59-01E0-B8AB-D8714F1119F1}.Debug|arm64.ActiveCfg = Debug|Any CPU
		{446D69E6-0A59-01E0-B8AB-D8714F1119F1}.Debug|arm64.Build.0 = Debug|Any CPU
		{446D69E6-0A59-01E0-B8AB-D8714F1119F1}.Debug|x64.ActiveCfg = Debug|Any CPU
		{446D69E6-0A59-01E0-B8AB-D8714F1119F1}.Debug|x64.Build.0 = Debug|Any CPU
		{446D69E6-0A59-01E0-B8AB-D8714F1119F1}.Debug|x86.ActiveCfg = Debug|Any CPU
		{446D69E6-0A59-01E0-B8AB-D8714F1119F1}.Debug|x86.Build.0 = Debug|Any CPU
		{446D69E6-0A59-01E0-B8AB-D8714F1119F1}.Release|Any CPU.ActiveCfg = Release|Any CPU
		{446D69E6-0A59-01E0-B8AB-D8714F1119F1}.Release|Any CPU.Build.0 = Release|Any CPU
		{446D69E6-0A59-01E0-B8AB-D8714F1119F1}.Release|arm64.ActiveCfg = Release|Any CPU
		{446D69E6-0A59-01E0-B8AB-D8714F1119F1}.Release|arm64.Build.0 = Release|Any CPU
		{446D69E6-0A59-01E0-B8AB-D8714F1119F1}.Release|x64.ActiveCfg = Release|Any CPU
		{446D69E6-0A59-01E0-B8AB-D8714F1119F1}.Release|x64.Build.0 = Release|Any CPU
		{446D69E6-0A59-01E0-B8AB-D8714F1119F1}.Release|x86.ActiveCfg = Release|Any CPU
		{446D69E6-0A59-01E0-B8AB-D8714F1119F1}.Release|x86.Build.0 = Release|Any CPU
		{ECE82461-2125-0885-FE92-BB716F7C64FE}.Debug|Any CPU.ActiveCfg = Debug|Any CPU
		{ECE82461-2125-0885-FE92-BB716F7C64FE}.Debug|Any CPU.Build.0 = Debug|Any CPU
		{ECE82461-2125-0885-FE92-BB716F7C64FE}.Debug|arm64.ActiveCfg = Debug|Any CPU
		{ECE82461-2125-0885-FE92-BB716F7C64FE}.Debug|arm64.Build.0 = Debug|Any CPU
		{ECE82461-2125-0885-FE92-BB716F7C64FE}.Debug|x64.ActiveCfg = Debug|Any CPU
		{ECE82461-2125-0885-FE92-BB716F7C64FE}.Debug|x64.Build.0 = Debug|Any CPU
		{ECE82461-2125-0885-FE92-BB716F7C64FE}.Debug|x86.ActiveCfg = Debug|Any CPU
		{ECE82461-2125-0885-FE92-BB716F7C64FE}.Debug|x86.Build.0 = Debug|Any CPU
		{ECE82461-2125-0885-FE92-BB716F7C64FE}.Release|Any CPU.ActiveCfg = Release|Any CPU
		{ECE82461-2125-0885-FE92-BB716F7C64FE}.Release|Any CPU.Build.0 = Release|Any CPU
		{ECE82461-2125-0885-FE92-BB716F7C64FE}.Release|arm64.ActiveCfg = Release|Any CPU
		{ECE82461-2125-0885-FE92-BB716F7C64FE}.Release|arm64.Build.0 = Release|Any CPU
		{ECE82461-2125-0885-FE92-BB716F7C64FE}.Release|x64.ActiveCfg = Release|Any CPU
		{ECE82461-2125-0885-FE92-BB716F7C64FE}.Release|x64.Build.0 = Release|Any CPU
		{ECE82461-2125-0885-FE92-BB716F7C64FE}.Release|x86.ActiveCfg = Release|Any CPU
		{ECE82461-2125-0885-FE92-BB716F7C64FE}.Release|x86.Build.0 = Release|Any CPU
		{3A4AC9FB-7062-133D-5F88-5137ACBD7395}.Debug|Any CPU.ActiveCfg = Debug|Any CPU
		{3A4AC9FB-7062-133D-5F88-5137ACBD7395}.Debug|Any CPU.Build.0 = Debug|Any CPU
		{3A4AC9FB-7062-133D-5F88-5137ACBD7395}.Debug|arm64.ActiveCfg = Debug|Any CPU
		{3A4AC9FB-7062-133D-5F88-5137ACBD7395}.Debug|arm64.Build.0 = Debug|Any CPU
		{3A4AC9FB-7062-133D-5F88-5137ACBD7395}.Debug|x64.ActiveCfg = Debug|Any CPU
		{3A4AC9FB-7062-133D-5F88-5137ACBD7395}.Debug|x64.Build.0 = Debug|Any CPU
		{3A4AC9FB-7062-133D-5F88-5137ACBD7395}.Debug|x86.ActiveCfg = Debug|Any CPU
		{3A4AC9FB-7062-133D-5F88-5137ACBD7395}.Debug|x86.Build.0 = Debug|Any CPU
		{3A4AC9FB-7062-133D-5F88-5137ACBD7395}.Release|Any CPU.ActiveCfg = Release|Any CPU
		{3A4AC9FB-7062-133D-5F88-5137ACBD7395}.Release|Any CPU.Build.0 = Release|Any CPU
		{3A4AC9FB-7062-133D-5F88-5137ACBD7395}.Release|arm64.ActiveCfg = Release|Any CPU
		{3A4AC9FB-7062-133D-5F88-5137ACBD7395}.Release|arm64.Build.0 = Release|Any CPU
		{3A4AC9FB-7062-133D-5F88-5137ACBD7395}.Release|x64.ActiveCfg = Release|Any CPU
		{3A4AC9FB-7062-133D-5F88-5137ACBD7395}.Release|x64.Build.0 = Release|Any CPU
		{3A4AC9FB-7062-133D-5F88-5137ACBD7395}.Release|x86.ActiveCfg = Release|Any CPU
		{3A4AC9FB-7062-133D-5F88-5137ACBD7395}.Release|x86.Build.0 = Release|Any CPU
		{5363A013-9355-4B7F-B418-95BAF7E46F62}.Debug|Any CPU.ActiveCfg = Debug|Any CPU
		{5363A013-9355-4B7F-B418-95BAF7E46F62}.Debug|Any CPU.Build.0 = Debug|Any CPU
		{5363A013-9355-4B7F-B418-95BAF7E46F62}.Debug|arm64.ActiveCfg = Debug|Any CPU
		{5363A013-9355-4B7F-B418-95BAF7E46F62}.Debug|arm64.Build.0 = Debug|Any CPU
		{5363A013-9355-4B7F-B418-95BAF7E46F62}.Debug|x64.ActiveCfg = Debug|Any CPU
		{5363A013-9355-4B7F-B418-95BAF7E46F62}.Debug|x64.Build.0 = Debug|Any CPU
		{5363A013-9355-4B7F-B418-95BAF7E46F62}.Debug|x86.ActiveCfg = Debug|Any CPU
		{5363A013-9355-4B7F-B418-95BAF7E46F62}.Debug|x86.Build.0 = Debug|Any CPU
		{5363A013-9355-4B7F-B418-95BAF7E46F62}.Release|Any CPU.ActiveCfg = Release|Any CPU
		{5363A013-9355-4B7F-B418-95BAF7E46F62}.Release|Any CPU.Build.0 = Release|Any CPU
		{5363A013-9355-4B7F-B418-95BAF7E46F62}.Release|arm64.ActiveCfg = Release|Any CPU
		{5363A013-9355-4B7F-B418-95BAF7E46F62}.Release|arm64.Build.0 = Release|Any CPU
		{5363A013-9355-4B7F-B418-95BAF7E46F62}.Release|x64.ActiveCfg = Release|Any CPU
		{5363A013-9355-4B7F-B418-95BAF7E46F62}.Release|x64.Build.0 = Release|Any CPU
		{5363A013-9355-4B7F-B418-95BAF7E46F62}.Release|x86.ActiveCfg = Release|Any CPU
		{5363A013-9355-4B7F-B418-95BAF7E46F62}.Release|x86.Build.0 = Release|Any CPU
		{A5CF22A2-BCD8-4C85-A65F-8A396CACDF75}.Debug|Any CPU.ActiveCfg = Debug|Any CPU
		{A5CF22A2-BCD8-4C85-A65F-8A396CACDF75}.Debug|Any CPU.Build.0 = Debug|Any CPU
		{A5CF22A2-BCD8-4C85-A65F-8A396CACDF75}.Debug|arm64.ActiveCfg = Debug|Any CPU
		{A5CF22A2-BCD8-4C85-A65F-8A396CACDF75}.Debug|arm64.Build.0 = Debug|Any CPU
		{A5CF22A2-BCD8-4C85-A65F-8A396CACDF75}.Debug|x64.ActiveCfg = Debug|Any CPU
		{A5CF22A2-BCD8-4C85-A65F-8A396CACDF75}.Debug|x64.Build.0 = Debug|Any CPU
		{A5CF22A2-BCD8-4C85-A65F-8A396CACDF75}.Debug|x86.ActiveCfg = Debug|Any CPU
		{A5CF22A2-BCD8-4C85-A65F-8A396CACDF75}.Debug|x86.Build.0 = Debug|Any CPU
		{A5CF22A2-BCD8-4C85-A65F-8A396CACDF75}.Release|Any CPU.ActiveCfg = Release|Any CPU
		{A5CF22A2-BCD8-4C85-A65F-8A396CACDF75}.Release|Any CPU.Build.0 = Release|Any CPU
		{A5CF22A2-BCD8-4C85-A65F-8A396CACDF75}.Release|arm64.ActiveCfg = Release|Any CPU
		{A5CF22A2-BCD8-4C85-A65F-8A396CACDF75}.Release|arm64.Build.0 = Release|Any CPU
		{A5CF22A2-BCD8-4C85-A65F-8A396CACDF75}.Release|x64.ActiveCfg = Release|Any CPU
		{A5CF22A2-BCD8-4C85-A65F-8A396CACDF75}.Release|x64.Build.0 = Release|Any CPU
		{A5CF22A2-BCD8-4C85-A65F-8A396CACDF75}.Release|x86.ActiveCfg = Release|Any CPU
		{A5CF22A2-BCD8-4C85-A65F-8A396CACDF75}.Release|x86.Build.0 = Release|Any CPU
		{901963D7-AB55-4480-9D2F-4D14F3BDD8C6}.Debug|Any CPU.ActiveCfg = Debug|Any CPU
		{901963D7-AB55-4480-9D2F-4D14F3BDD8C6}.Debug|Any CPU.Build.0 = Debug|Any CPU
		{901963D7-AB55-4480-9D2F-4D14F3BDD8C6}.Debug|arm64.ActiveCfg = Debug|Any CPU
		{901963D7-AB55-4480-9D2F-4D14F3BDD8C6}.Debug|arm64.Build.0 = Debug|Any CPU
		{901963D7-AB55-4480-9D2F-4D14F3BDD8C6}.Debug|x64.ActiveCfg = Debug|Any CPU
		{901963D7-AB55-4480-9D2F-4D14F3BDD8C6}.Debug|x64.Build.0 = Debug|Any CPU
		{901963D7-AB55-4480-9D2F-4D14F3BDD8C6}.Debug|x86.ActiveCfg = Debug|Any CPU
		{901963D7-AB55-4480-9D2F-4D14F3BDD8C6}.Debug|x86.Build.0 = Debug|Any CPU
		{901963D7-AB55-4480-9D2F-4D14F3BDD8C6}.Release|Any CPU.ActiveCfg = Release|Any CPU
		{901963D7-AB55-4480-9D2F-4D14F3BDD8C6}.Release|Any CPU.Build.0 = Release|Any CPU
		{901963D7-AB55-4480-9D2F-4D14F3BDD8C6}.Release|arm64.ActiveCfg = Release|Any CPU
		{901963D7-AB55-4480-9D2F-4D14F3BDD8C6}.Release|arm64.Build.0 = Release|Any CPU
		{901963D7-AB55-4480-9D2F-4D14F3BDD8C6}.Release|x64.ActiveCfg = Release|Any CPU
		{901963D7-AB55-4480-9D2F-4D14F3BDD8C6}.Release|x64.Build.0 = Release|Any CPU
		{901963D7-AB55-4480-9D2F-4D14F3BDD8C6}.Release|x86.ActiveCfg = Release|Any CPU
		{901963D7-AB55-4480-9D2F-4D14F3BDD8C6}.Release|x86.Build.0 = Release|Any CPU
		{108DF7AD-9178-4EEA-915D-BBB6A8F88F9F}.Debug|Any CPU.ActiveCfg = Debug|Any CPU
		{108DF7AD-9178-4EEA-915D-BBB6A8F88F9F}.Debug|Any CPU.Build.0 = Debug|Any CPU
		{108DF7AD-9178-4EEA-915D-BBB6A8F88F9F}.Debug|arm64.ActiveCfg = Debug|Any CPU
		{108DF7AD-9178-4EEA-915D-BBB6A8F88F9F}.Debug|arm64.Build.0 = Debug|Any CPU
		{108DF7AD-9178-4EEA-915D-BBB6A8F88F9F}.Debug|x64.ActiveCfg = Debug|Any CPU
		{108DF7AD-9178-4EEA-915D-BBB6A8F88F9F}.Debug|x64.Build.0 = Debug|Any CPU
		{108DF7AD-9178-4EEA-915D-BBB6A8F88F9F}.Debug|x86.ActiveCfg = Debug|Any CPU
		{108DF7AD-9178-4EEA-915D-BBB6A8F88F9F}.Debug|x86.Build.0 = Debug|Any CPU
		{108DF7AD-9178-4EEA-915D-BBB6A8F88F9F}.Release|Any CPU.ActiveCfg = Release|Any CPU
		{108DF7AD-9178-4EEA-915D-BBB6A8F88F9F}.Release|Any CPU.Build.0 = Release|Any CPU
		{108DF7AD-9178-4EEA-915D-BBB6A8F88F9F}.Release|arm64.ActiveCfg = Release|Any CPU
		{108DF7AD-9178-4EEA-915D-BBB6A8F88F9F}.Release|arm64.Build.0 = Release|Any CPU
		{108DF7AD-9178-4EEA-915D-BBB6A8F88F9F}.Release|x64.ActiveCfg = Release|Any CPU
		{108DF7AD-9178-4EEA-915D-BBB6A8F88F9F}.Release|x64.Build.0 = Release|Any CPU
		{108DF7AD-9178-4EEA-915D-BBB6A8F88F9F}.Release|x86.ActiveCfg = Release|Any CPU
		{108DF7AD-9178-4EEA-915D-BBB6A8F88F9F}.Release|x86.Build.0 = Release|Any CPU
	EndGlobalSection
	GlobalSection(SolutionProperties) = preSolution
		HideSolutionNode = FALSE
	EndGlobalSection
	GlobalSection(NestedProjects) = preSolution
		{0FEB6ADF-29FD-48CE-AE0F-9E19E9209795} = {4B785E7E-2F35-4198-BD73-D2B861E5518A}
		{1EC1EEFF-3888-4125-9229-623C564F3E7E} = {4B785E7E-2F35-4198-BD73-D2B861E5518A}
		{833DEA57-A970-418C-831C-2355B8294766} = {4B785E7E-2F35-4198-BD73-D2B861E5518A}
		{0A18018C-95CA-43CB-BFBF-5DB086E93009} = {0FEB6ADF-29FD-48CE-AE0F-9E19E9209795}
		{5FB1A4D7-D13E-47C3-9152-3890B8CA9C37} = {0FEB6ADF-29FD-48CE-AE0F-9E19E9209795}
		{3438BB8F-41E1-4E58-A57D-0085274A911C} = {9FEDAEFB-297C-4201-8FAA-F502F94CAFED}
		{CDC617CE-4A7E-435C-B9C1-235F9C7C3DE1} = {9FEDAEFB-297C-4201-8FAA-F502F94CAFED}
		{EA28BE30-46FC-4717-9673-CC192CE8C24D} = {1EC1EEFF-3888-4125-9229-623C564F3E7E}
		{FCDBFBC0-DD30-4E11-A925-750F62809958} = {3438BB8F-41E1-4E58-A57D-0085274A911C}
		{DD5C8345-6785-48E6-9A98-074012A02628} = {3438BB8F-41E1-4E58-A57D-0085274A911C}
		{D8D7607A-8283-4776-94AB-5614038E58E2} = {1EC1EEFF-3888-4125-9229-623C564F3E7E}
		{0842B8AC-FD89-4CD0-B8AB-58D179B48689} = {4B785E7E-2F35-4198-BD73-D2B861E5518A}
		{D97F5F12-7552-4B22-B6AD-FC373229B64E} = {02EA681E-C7D8-13C7-8484-4AC65E1B71E8}
		{BA603EB3-D4FF-4002-B122-7165BD90B501} = {02EA681E-C7D8-13C7-8484-4AC65E1B71E8}
		{86BE47AD-DCB7-4BE3-8E4A-F0C37782FA88} = {9FEDAEFB-297C-4201-8FAA-F502F94CAFED}
		{A70170E9-C423-4942-951A-32FE855319B8} = {86BE47AD-DCB7-4BE3-8E4A-F0C37782FA88}
		{B9DE225A-98DF-4CC9-A69E-7F169F0E07BE} = {9FEDAEFB-297C-4201-8FAA-F502F94CAFED}
		{C875072F-03CA-4EC5-B29B-077BA82B8B7C} = {833DEA57-A970-418C-831C-2355B8294766}
		{73908928-A1CB-4BD1-A685-B776AB9C40A8} = {833DEA57-A970-418C-831C-2355B8294766}
		{5957A7C4-EE37-4A3D-8DA2-0D49ECD50F48} = {1EC1EEFF-3888-4125-9229-623C564F3E7E}
		{8DBB7C7B-5113-41CB-8431-21DE187008EA} = {1EC1EEFF-3888-4125-9229-623C564F3E7E}
		{2E988094-CD23-4D1A-A713-2AE9D5B08560} = {833DEA57-A970-418C-831C-2355B8294766}
		{9FE95EAA-8642-45B7-A3BF-84034180254B} = {4B785E7E-2F35-4198-BD73-D2B861E5518A}
		{42E5369E-0826-4A66-BA90-A950DDD0F3D7} = {3438BB8F-41E1-4E58-A57D-0085274A911C}
		{11EF8C26-FA99-1C45-F12C-39DD82C4213D} = {CDC617CE-4A7E-435C-B9C1-235F9C7C3DE1}
		{72FA453A-01CE-F11D-67EB-CD49AC2A53BF} = {3438BB8F-41E1-4E58-A57D-0085274A911C}
		{02EA681E-C7D8-13C7-8484-4AC65E1B71E8} = {4B785E7E-2F35-4198-BD73-D2B861E5518A}
		{446D69E6-0A59-01E0-B8AB-D8714F1119F1} = {1EC1EEFF-3888-4125-9229-623C564F3E7E}
		{ECE82461-2125-0885-FE92-BB716F7C64FE} = {3438BB8F-41E1-4E58-A57D-0085274A911C}
		{3A4AC9FB-7062-133D-5F88-5137ACBD7395} = {02EA681E-C7D8-13C7-8484-4AC65E1B71E8}
		{5363A013-9355-4B7F-B418-95BAF7E46F62} = {3438BB8F-41E1-4E58-A57D-0085274A911C}
		{27EB5E81-F2E9-C810-A7F7-B7F4C1201BDA} = {9FEDAEFB-297C-4201-8FAA-F502F94CAFED}
		{A5CF22A2-BCD8-4C85-A65F-8A396CACDF75} = {27EB5E81-F2E9-C810-A7F7-B7F4C1201BDA}
		{901963D7-AB55-4480-9D2F-4D14F3BDD8C6} = {DFEE68D8-A7D0-1A41-506C-9B74AA9A7B7B}
		{108DF7AD-9178-4EEA-915D-BBB6A8F88F9F} = {9FEDAEFB-297C-4201-8FAA-F502F94CAFED}
	EndGlobalSection
	GlobalSection(ExtensibilityGlobals) = postSolution
		SolutionGuid = {0D5D0CA3-C6B8-436C-82B0-39820C8A13FA}
		FileExplorer = ..\
	EndGlobalSection
EndGlobal
